
Microsoft Visual Studio Solution File, Format Version 12.00
# Visual Studio Version 16
VisualStudioVersion = 16.0.33927.289
MinimumVisualStudioVersion = 10.0.40219.1
Project("{FAE04EC0-301F-11D3-BF4B-00C04F79EFBC}") = "Tyuiu.GoogeRA.Sprint2.TaskRewiev.V9", "Tyuiu.GoogeRA.Sprint2.TaskRewiev.V9\Tyuiu.GoogeRA.Sprint2.TaskRewiev.V9.csproj", "{12F3F8CF-B9DA-4170-A1E4-30B548EE4606}"
EndProject
Project("{FAE04EC0-301F-11D3-BF4B-00C04F79EFBC}") = "Tyuiu.GoogeRA.Sprint2.TaskRewiev.V9.Lib", "Tyuiu.GoogeRA.Sprint2.TaskRewiev.V9.Lib\Tyuiu.GoogeRA.Sprint2.TaskRewiev.V9.Lib.csproj", "{C0ECEA16-5E4E-4D17-A22C-C2107C4353A9}"
EndProject
Project("{FAE04EC0-301F-11D3-BF4B-00C04F79EFBC}") = "Tyuiu.GoogeRa.Sprint2.TaskRewiev.V9.Test", "Tyuiu.GoogeRa.Sprint2.TaskRewiev.V9.Test\Tyuiu.GoogeRa.Sprint2.TaskRewiev.V9.Test.csproj", "{8F9A1C11-015F-4B3F-984D-0885762717D2}"
EndProject
Global
	GlobalSection(SolutionConfigurationPlatforms) = preSolution
		Debug|Any CPU = Debug|Any CPU
		Release|Any CPU = Release|Any CPU
	EndGlobalSection
	GlobalSection(ProjectConfigurationPlatforms) = postSolution
		{12F3F8CF-B9DA-4170-A1E4-30B548EE4606}.Debug|Any CPU.ActiveCfg = Debug|Any CPU
		{12F3F8CF-B9DA-4170-A1E4-30B548EE4606}.Debug|Any CPU.Build.0 = Debug|Any CPU
		{12F3F8CF-B9DA-4170-A1E4-30B548EE4606}.Release|Any CPU.ActiveCfg = Release|Any CPU
		{12F3F8CF-B9DA-4170-A1E4-30B548EE4606}.Release|Any CPU.Build.0 = Release|Any CPU
		{C0ECEA16-5E4E-4D17-A22C-C2107C4353A9}.Debug|Any CPU.ActiveCfg = Debug|Any CPU
		{C0ECEA16-5E4E-4D17-A22C-C2107C4353A9}.Debug|Any CPU.Build.0 = Debug|Any CPU
		{C0ECEA16-5E4E-4D17-A22C-C2107C4353A9}.Release|Any CPU.ActiveCfg = Release|Any CPU
		{C0ECEA16-5E4E-4D17-A22C-C2107C4353A9}.Release|Any CPU.Build.0 = Release|Any CPU
		{8F9A1C11-015F-4B3F-984D-0885762717D2}.Debug|Any CPU.ActiveCfg = Debug|Any CPU
		{8F9A1C11-015F-4B3F-984D-0885762717D2}.Debug|Any CPU.Build.0 = Debug|Any CPU
		{8F9A1C11-015F-4B3F-984D-0885762717D2}.Release|Any CPU.ActiveCfg = Release|Any CPU
		{8F9A1C11-015F-4B3F-984D-0885762717D2}.Release|Any CPU.Build.0 = Release|Any CPU
	EndGlobalSection
	GlobalSection(SolutionProperties) = preSolution
		HideSolutionNode = FALSE
	EndGlobalSection
	GlobalSection(ExtensibilityGlobals) = postSolution
		SolutionGuid = {E5B57F94-BDBD-418A-B2D0-8999A262C31C}
	EndGlobalSection
EndGlobal
